// !$*UTF8*$!
{
	archiveVersion = 1;
	classes = {
	};
	objectVersion = 46;
	objects = {

/* Begin PBXBuildFile section */
		0934F69D159113D800A58A04 /* MapViewController.m in Sources */ = {isa = PBXBuildFile; fileRef = 0934F69B159113D700A58A04 /* MapViewController.m */; };
		0934F69E159113D800A58A04 /* MapViewController.xib in Resources */ = {isa = PBXBuildFile; fileRef = 0934F69C159113D700A58A04 /* MapViewController.xib */; };
		0934F6A11591178C00A58A04 /* CoreLocation.framework in Frameworks */ = {isa = PBXBuildFile; fileRef = 0934F6A01591178C00A58A04 /* CoreLocation.framework */; };
		0934F6AA15911E9F00A58A04 /* RitBusMapView.m in Sources */ = {isa = PBXBuildFile; fileRef = 0934F6A915911E9F00A58A04 /* RitBusMapView.m */; };
		0934F6AC15911EB000A58A04 /* RitBusMapView.xib in Resources */ = {isa = PBXBuildFile; fileRef = 0934F6AB15911EB000A58A04 /* RitBusMapView.xib */; };
		0934F6B815922E2100A58A04 /* park_point_stops.plist in Resources */ = {isa = PBXBuildFile; fileRef = 0934F6B715922E2100A58A04 /* park_point_stops.plist */; };
		0934F6BF15926B3B00A58A04 /* BusPoint.m in Sources */ = {isa = PBXBuildFile; fileRef = 0934F6BE15926B3B00A58A04 /* BusPoint.m */; };
		0934F6C31592707C00A58A04 /* RITBusConstants.m in Sources */ = {isa = PBXBuildFile; fileRef = 0934F6C21592707C00A58A04 /* RITBusConstants.m */; };
		099DCA5715D546B400DAB937 /* main.m in Sources */ = {isa = PBXBuildFile; fileRef = 09BE78021590F03B000CFCEB /* main.m */; };
		099DCA5815D546B400DAB937 /* AppDelegate.m in Sources */ = {isa = PBXBuildFile; fileRef = 09BE78061590F03B000CFCEB /* AppDelegate.m */; };
		099DCA5915D546B400DAB937 /* MasterViewController.m in Sources */ = {isa = PBXBuildFile; fileRef = 09BE78091590F03B000CFCEB /* MasterViewController.m */; };
		099DCA5A15D546B400DAB937 /* DetailViewController.m in Sources */ = {isa = PBXBuildFile; fileRef = 09BE780C1590F03B000CFCEB /* DetailViewController.m */; };
		099DCA5B15D546B400DAB937 /* MapViewController.m in Sources */ = {isa = PBXBuildFile; fileRef = 0934F69B159113D700A58A04 /* MapViewController.m */; };
		099DCA5C15D546B400DAB937 /* RitBusMapView.m in Sources */ = {isa = PBXBuildFile; fileRef = 0934F6A915911E9F00A58A04 /* RitBusMapView.m */; };
		099DCA5D15D546B400DAB937 /* BusPoint.m in Sources */ = {isa = PBXBuildFile; fileRef = 0934F6BE15926B3B00A58A04 /* BusPoint.m */; };
		099DCA5E15D546B400DAB937 /* RITBusConstants.m in Sources */ = {isa = PBXBuildFile; fileRef = 0934F6C21592707C00A58A04 /* RITBusConstants.m */; };
		099DCA5F15D546B400DAB937 /* StopAnnotation.m in Sources */ = {isa = PBXBuildFile; fileRef = 09EA95831593583200591081 /* StopAnnotation.m */; };
		099DCA6015D546B400DAB937 /* StopAnnotationView.m in Sources */ = {isa = PBXBuildFile; fileRef = 09EA95871593B28B00591081 /* StopAnnotationView.m */; };
		099DCA6115D546B400DAB937 /* LocationManager.m in Sources */ = {isa = PBXBuildFile; fileRef = 09F1E01A1598C4130075551E /* LocationManager.m */; };
		099DCA6215D546B400DAB937 /* NextBusController.m in Sources */ = {isa = PBXBuildFile; fileRef = 09F1E01E1598C5FE0075551E /* NextBusController.m */; };
		099DCA6315D546B400DAB937 /* RITBusCommon.m in Sources */ = {isa = PBXBuildFile; fileRef = 09F1E0231598CF240075551E /* RITBusCommon.m */; };
		099DCA6415D546B400DAB937 /* BusStopLocation.m in Sources */ = {isa = PBXBuildFile; fileRef = 09F1E0291598CF900075551E /* BusStopLocation.m */; };
		099DCA6515D546B400DAB937 /* Theme.m in Sources */ = {isa = PBXBuildFile; fileRef = 09F325EA159E3F290004BBF4 /* Theme.m */; };
		099DCA6615D546B400DAB937 /* RITTheme.m in Sources */ = {isa = PBXBuildFile; fileRef = 09F325ED159E40A10004BBF4 /* RITTheme.m */; };
		099DCA6815D546B400DAB937 /* CoreLocation.framework in Frameworks */ = {isa = PBXBuildFile; fileRef = 0934F6A01591178C00A58A04 /* CoreLocation.framework */; };
		099DCA6915D546B400DAB937 /* MapKit.framework in Frameworks */ = {isa = PBXBuildFile; fileRef = 09BE784915910671000CFCEB /* MapKit.framework */; };
		099DCA6A15D546B400DAB937 /* UIKit.framework in Frameworks */ = {isa = PBXBuildFile; fileRef = 09BE77F61590F03B000CFCEB /* UIKit.framework */; };
		099DCA6B15D546B400DAB937 /* Foundation.framework in Frameworks */ = {isa = PBXBuildFile; fileRef = 09BE77F81590F03B000CFCEB /* Foundation.framework */; };
		099DCA6C15D546B400DAB937 /* CoreGraphics.framework in Frameworks */ = {isa = PBXBuildFile; fileRef = 09BE77FA1590F03B000CFCEB /* CoreGraphics.framework */; };
		099DCA6E15D546B400DAB937 /* InfoPlist.strings in Resources */ = {isa = PBXBuildFile; fileRef = 09BE77FF1590F03B000CFCEB /* InfoPlist.strings */; };
		099DCA6F15D546B400DAB937 /* MasterViewController_iPhone.xib in Resources */ = {isa = PBXBuildFile; fileRef = 09BE780E1590F03B000CFCEB /* MasterViewController_iPhone.xib */; };
		099DCA7015D546B400DAB937 /* MasterViewController_iPad.xib in Resources */ = {isa = PBXBuildFile; fileRef = 09BE78111590F03B000CFCEB /* MasterViewController_iPad.xib */; };
		099DCA7115D546B400DAB937 /* DetailViewController_iPhone.xib in Resources */ = {isa = PBXBuildFile; fileRef = 09BE78141590F03B000CFCEB /* DetailViewController_iPhone.xib */; };
		099DCA7215D546B400DAB937 /* DetailViewController_iPad.xib in Resources */ = {isa = PBXBuildFile; fileRef = 09BE78171590F03B000CFCEB /* DetailViewController_iPad.xib */; };
		099DCA7315D546B400DAB937 /* MapViewController.xib in Resources */ = {isa = PBXBuildFile; fileRef = 0934F69C159113D700A58A04 /* MapViewController.xib */; };
		099DCA7415D546B400DAB937 /* RitBusMapView.xib in Resources */ = {isa = PBXBuildFile; fileRef = 0934F6AB15911EB000A58A04 /* RitBusMapView.xib */; };
		099DCA7515D546B400DAB937 /* park_point_stops.plist in Resources */ = {isa = PBXBuildFile; fileRef = 0934F6B715922E2100A58A04 /* park_point_stops.plist */; };
		099DCA7615D546B400DAB937 /* park_point_stops_copy.plist in Resources */ = {isa = PBXBuildFile; fileRef = 09EA957B15927B2C00591081 /* park_point_stops_copy.plist */; };
		099DCA7715D546B400DAB937 /* NextBusController.xib in Resources */ = {isa = PBXBuildFile; fileRef = 09F1E01F1598C5FE0075551E /* NextBusController.xib */; };
		099DCA7815D546B400DAB937 /* full_list_stops.plist in Resources */ = {isa = PBXBuildFile; fileRef = 09F1E0471598ED8D0075551E /* full_list_stops.plist */; };
		099DCA7915D546B400DAB937 /* province_geo_boxes.plist in Resources */ = {isa = PBXBuildFile; fileRef = 09F1E115159CBB520075551E /* province_geo_boxes.plist */; };
		099DCA7A15D546B400DAB937 /* map_button.png in Resources */ = {isa = PBXBuildFile; fileRef = 09F325F615A20ED90004BBF4 /* map_button.png */; };
		099DCA7B15D546B400DAB937 /* map_button@2x.png in Resources */ = {isa = PBXBuildFile; fileRef = 09F325F715A20ED90004BBF4 /* map_button@2x.png */; };
		099DCA8715D54CDF00DAB937 /* RITTestController.m in Sources */ = {isa = PBXBuildFile; fileRef = 099DCA8615D54CDF00DAB937 /* RITTestController.m */; };
		099DCB6315D551E200DAB937 /* LoadableCategory.h in Resources */ = {isa = PBXBuildFile; fileRef = 099DCB4915D551E200DAB937 /* LoadableCategory.h */; };
		099DCB6415D551E200DAB937 /* CGGeometry-KIFAdditions.h in Resources */ = {isa = PBXBuildFile; fileRef = 099DCB4A15D551E200DAB937 /* CGGeometry-KIFAdditions.h */; };
		099DCB6515D551E200DAB937 /* CGGeometry-KIFAdditions.m in Resources */ = {isa = PBXBuildFile; fileRef = 099DCB4B15D551E200DAB937 /* CGGeometry-KIFAdditions.m */; };
		099DCB6615D551E200DAB937 /* NSFileManager-KIFAdditions.h in Resources */ = {isa = PBXBuildFile; fileRef = 099DCB4C15D551E200DAB937 /* NSFileManager-KIFAdditions.h */; };
		099DCB6715D551E200DAB937 /* NSFileManager-KIFAdditions.m in Resources */ = {isa = PBXBuildFile; fileRef = 099DCB4D15D551E200DAB937 /* NSFileManager-KIFAdditions.m */; };
		099DCB6815D551E300DAB937 /* UIAccessibilityElement-KIFAdditions.h in Resources */ = {isa = PBXBuildFile; fileRef = 099DCB4E15D551E200DAB937 /* UIAccessibilityElement-KIFAdditions.h */; };
		099DCB6915D551E300DAB937 /* UIAccessibilityElement-KIFAdditions.m in Resources */ = {isa = PBXBuildFile; fileRef = 099DCB4F15D551E200DAB937 /* UIAccessibilityElement-KIFAdditions.m */; };
		099DCB6A15D551E300DAB937 /* UIApplication-KIFAdditions.h in Resources */ = {isa = PBXBuildFile; fileRef = 099DCB5015D551E200DAB937 /* UIApplication-KIFAdditions.h */; };
		099DCB6B15D551E300DAB937 /* UIApplication-KIFAdditions.m in Resources */ = {isa = PBXBuildFile; fileRef = 099DCB5115D551E200DAB937 /* UIApplication-KIFAdditions.m */; };
		099DCB6C15D551E300DAB937 /* UIScrollView-KIFAdditions.h in Resources */ = {isa = PBXBuildFile; fileRef = 099DCB5215D551E200DAB937 /* UIScrollView-KIFAdditions.h */; };
		099DCB6D15D551E300DAB937 /* UIScrollView-KIFAdditions.m in Resources */ = {isa = PBXBuildFile; fileRef = 099DCB5315D551E200DAB937 /* UIScrollView-KIFAdditions.m */; };
		099DCB6E15D551E300DAB937 /* UITouch-KIFAdditions.h in Resources */ = {isa = PBXBuildFile; fileRef = 099DCB5415D551E200DAB937 /* UITouch-KIFAdditions.h */; };
		099DCB6F15D551E300DAB937 /* UITouch-KIFAdditions.m in Resources */ = {isa = PBXBuildFile; fileRef = 099DCB5515D551E200DAB937 /* UITouch-KIFAdditions.m */; };
		099DCB7015D551E300DAB937 /* UIView-KIFAdditions.h in Resources */ = {isa = PBXBuildFile; fileRef = 099DCB5615D551E200DAB937 /* UIView-KIFAdditions.h */; };
		099DCB7115D551E300DAB937 /* UIView-KIFAdditions.m in Resources */ = {isa = PBXBuildFile; fileRef = 099DCB5715D551E200DAB937 /* UIView-KIFAdditions.m */; };
		099DCB7215D551E300DAB937 /* UIWindow-KIFAdditions.h in Resources */ = {isa = PBXBuildFile; fileRef = 099DCB5815D551E200DAB937 /* UIWindow-KIFAdditions.h */; };
		099DCB7315D551E300DAB937 /* UIWindow-KIFAdditions.m in Resources */ = {isa = PBXBuildFile; fileRef = 099DCB5915D551E200DAB937 /* UIWindow-KIFAdditions.m */; };
		099DCB7415D551E300DAB937 /* KIF-Prefix.pch in Resources */ = {isa = PBXBuildFile; fileRef = 099DCB5B15D551E200DAB937 /* KIF-Prefix.pch */; };
		099DCB7515D551E300DAB937 /* KIFTestController.h in Resources */ = {isa = PBXBuildFile; fileRef = 099DCB5C15D551E200DAB937 /* KIFTestController.h */; };
		099DCB7615D551E300DAB937 /* KIFTestController.m in Resources */ = {isa = PBXBuildFile; fileRef = 099DCB5D15D551E200DAB937 /* KIFTestController.m */; };
		099DCB7715D551E300DAB937 /* KIFTestScenario.h in Resources */ = {isa = PBXBuildFile; fileRef = 099DCB5E15D551E200DAB937 /* KIFTestScenario.h */; };
		099DCB7815D551E300DAB937 /* KIFTestScenario.m in Resources */ = {isa = PBXBuildFile; fileRef = 099DCB5F15D551E200DAB937 /* KIFTestScenario.m */; };
		099DCB7915D551E300DAB937 /* KIFTestStep.h in Resources */ = {isa = PBXBuildFile; fileRef = 099DCB6015D551E200DAB937 /* KIFTestStep.h */; };
		099DCB7A15D551E300DAB937 /* KIFTestStep.m in Resources */ = {isa = PBXBuildFile; fileRef = 099DCB6115D551E200DAB937 /* KIFTestStep.m */; };
		099DCB7F15D553A500DAB937 /* KIFTestScenario+RITAdditions.m in Sources */ = {isa = PBXBuildFile; fileRef = 099DCB7E15D553A500DAB937 /* KIFTestScenario+RITAdditions.m */; };
		099DCB8015D554B000DAB937 /* RITTestController.m in Sources */ = {isa = PBXBuildFile; fileRef = 099DCA8615D54CDF00DAB937 /* RITTestController.m */; };
		099DCB8115D554B000DAB937 /* KIFTestScenario+RITAdditions.m in Sources */ = {isa = PBXBuildFile; fileRef = 099DCB7E15D553A500DAB937 /* KIFTestScenario+RITAdditions.m */; settings = {COMPILER_FLAGS = "-fno-objc-arc"; }; };
		099DCB8615D557DA00DAB937 /* libKIF.a in Frameworks */ = {isa = PBXBuildFile; fileRef = 099DCB8515D557D900DAB937 /* libKIF.a */; };
		09BE77F71590F03B000CFCEB /* UIKit.framework in Frameworks */ = {isa = PBXBuildFile; fileRef = 09BE77F61590F03B000CFCEB /* UIKit.framework */; };
		09BE77F91590F03B000CFCEB /* Foundation.framework in Frameworks */ = {isa = PBXBuildFile; fileRef = 09BE77F81590F03B000CFCEB /* Foundation.framework */; };
		09BE77FB1590F03B000CFCEB /* CoreGraphics.framework in Frameworks */ = {isa = PBXBuildFile; fileRef = 09BE77FA1590F03B000CFCEB /* CoreGraphics.framework */; };
		09BE78011590F03B000CFCEB /* InfoPlist.strings in Resources */ = {isa = PBXBuildFile; fileRef = 09BE77FF1590F03B000CFCEB /* InfoPlist.strings */; };
		09BE78031590F03B000CFCEB /* main.m in Sources */ = {isa = PBXBuildFile; fileRef = 09BE78021590F03B000CFCEB /* main.m */; };
		09BE78071590F03B000CFCEB /* AppDelegate.m in Sources */ = {isa = PBXBuildFile; fileRef = 09BE78061590F03B000CFCEB /* AppDelegate.m */; };
		09BE780A1590F03B000CFCEB /* MasterViewController.m in Sources */ = {isa = PBXBuildFile; fileRef = 09BE78091590F03B000CFCEB /* MasterViewController.m */; };
		09BE780D1590F03B000CFCEB /* DetailViewController.m in Sources */ = {isa = PBXBuildFile; fileRef = 09BE780C1590F03B000CFCEB /* DetailViewController.m */; };
		09BE78101590F03B000CFCEB /* MasterViewController_iPhone.xib in Resources */ = {isa = PBXBuildFile; fileRef = 09BE780E1590F03B000CFCEB /* MasterViewController_iPhone.xib */; };
		09BE78131590F03B000CFCEB /* MasterViewController_iPad.xib in Resources */ = {isa = PBXBuildFile; fileRef = 09BE78111590F03B000CFCEB /* MasterViewController_iPad.xib */; };
		09BE78161590F03B000CFCEB /* DetailViewController_iPhone.xib in Resources */ = {isa = PBXBuildFile; fileRef = 09BE78141590F03B000CFCEB /* DetailViewController_iPhone.xib */; };
		09BE78191590F03B000CFCEB /* DetailViewController_iPad.xib in Resources */ = {isa = PBXBuildFile; fileRef = 09BE78171590F03B000CFCEB /* DetailViewController_iPad.xib */; };
		09BE784A15910671000CFCEB /* MapKit.framework in Frameworks */ = {isa = PBXBuildFile; fileRef = 09BE784915910671000CFCEB /* MapKit.framework */; };
		09EA957C15927B2C00591081 /* park_point_stops_copy.plist in Resources */ = {isa = PBXBuildFile; fileRef = 09EA957B15927B2C00591081 /* park_point_stops_copy.plist */; };
		09EA95841593583200591081 /* StopAnnotation.m in Sources */ = {isa = PBXBuildFile; fileRef = 09EA95831593583200591081 /* StopAnnotation.m */; };
		09EA95881593B28B00591081 /* StopAnnotationView.m in Sources */ = {isa = PBXBuildFile; fileRef = 09EA95871593B28B00591081 /* StopAnnotationView.m */; };
		09F1E01B1598C4130075551E /* LocationManager.m in Sources */ = {isa = PBXBuildFile; fileRef = 09F1E01A1598C4130075551E /* LocationManager.m */; };
		09F1E0201598C5FE0075551E /* NextBusController.m in Sources */ = {isa = PBXBuildFile; fileRef = 09F1E01E1598C5FE0075551E /* NextBusController.m */; };
		09F1E0211598C5FE0075551E /* NextBusController.xib in Resources */ = {isa = PBXBuildFile; fileRef = 09F1E01F1598C5FE0075551E /* NextBusController.xib */; };
		09F1E0241598CF250075551E /* RITBusCommon.m in Sources */ = {isa = PBXBuildFile; fileRef = 09F1E0231598CF240075551E /* RITBusCommon.m */; };
		09F1E02A1598CF900075551E /* BusStopLocation.m in Sources */ = {isa = PBXBuildFile; fileRef = 09F1E0291598CF900075551E /* BusStopLocation.m */; };
		09F1E0481598ED8D0075551E /* full_list_stops.plist in Resources */ = {isa = PBXBuildFile; fileRef = 09F1E0471598ED8D0075551E /* full_list_stops.plist */; };
		09F1E116159CBB520075551E /* province_geo_boxes.plist in Resources */ = {isa = PBXBuildFile; fileRef = 09F1E115159CBB520075551E /* province_geo_boxes.plist */; };
		09F325EB159E3F290004BBF4 /* Theme.m in Sources */ = {isa = PBXBuildFile; fileRef = 09F325EA159E3F290004BBF4 /* Theme.m */; };
		09F325EE159E40A10004BBF4 /* RITTheme.m in Sources */ = {isa = PBXBuildFile; fileRef = 09F325ED159E40A10004BBF4 /* RITTheme.m */; };
		09F325F815A20ED90004BBF4 /* map_button.png in Resources */ = {isa = PBXBuildFile; fileRef = 09F325F615A20ED90004BBF4 /* map_button.png */; };
		09F325F915A20ED90004BBF4 /* map_button@2x.png in Resources */ = {isa = PBXBuildFile; fileRef = 09F325F715A20ED90004BBF4 /* map_button@2x.png */; };
/* End PBXBuildFile section */

/* Begin PBXFileReference section */
		0934F69A159113D700A58A04 /* MapViewController.h */ = {isa = PBXFileReference; fileEncoding = 4; lastKnownFileType = sourcecode.c.h; path = MapViewController.h; sourceTree = "<group>"; };
		0934F69B159113D700A58A04 /* MapViewController.m */ = {isa = PBXFileReference; fileEncoding = 4; lastKnownFileType = sourcecode.c.objc; path = MapViewController.m; sourceTree = "<group>"; };
		0934F69C159113D700A58A04 /* MapViewController.xib */ = {isa = PBXFileReference; fileEncoding = 4; lastKnownFileType = file.xib; path = MapViewController.xib; sourceTree = "<group>"; };
		0934F6A01591178C00A58A04 /* CoreLocation.framework */ = {isa = PBXFileReference; lastKnownFileType = wrapper.framework; name = CoreLocation.framework; path = System/Library/Frameworks/CoreLocation.framework; sourceTree = SDKROOT; };
		0934F6A815911E9F00A58A04 /* RitBusMapView.h */ = {isa = PBXFileReference; fileEncoding = 4; lastKnownFileType = sourcecode.c.h; path = RitBusMapView.h; sourceTree = "<group>"; };
		0934F6A915911E9F00A58A04 /* RitBusMapView.m */ = {isa = PBXFileReference; fileEncoding = 4; lastKnownFileType = sourcecode.c.objc; path = RitBusMapView.m; sourceTree = "<group>"; };
		0934F6AB15911EB000A58A04 /* RitBusMapView.xib */ = {isa = PBXFileReference; fileEncoding = 4; lastKnownFileType = file.xib; path = RitBusMapView.xib; sourceTree = "<group>"; };
		0934F6B715922E2100A58A04 /* park_point_stops.plist */ = {isa = PBXFileReference; fileEncoding = 4; lastKnownFileType = text.plist.xml; path = park_point_stops.plist; sourceTree = "<group>"; };
		0934F6BD15926B3A00A58A04 /* BusPoint.h */ = {isa = PBXFileReference; fileEncoding = 4; lastKnownFileType = sourcecode.c.h; path = BusPoint.h; sourceTree = "<group>"; };
		0934F6BE15926B3B00A58A04 /* BusPoint.m */ = {isa = PBXFileReference; fileEncoding = 4; lastKnownFileType = sourcecode.c.objc; path = BusPoint.m; sourceTree = "<group>"; };
		0934F6C11592707C00A58A04 /* RITBusConstants.h */ = {isa = PBXFileReference; fileEncoding = 4; lastKnownFileType = sourcecode.c.h; path = RITBusConstants.h; sourceTree = "<group>"; };
		0934F6C21592707C00A58A04 /* RITBusConstants.m */ = {isa = PBXFileReference; fileEncoding = 4; lastKnownFileType = sourcecode.c.objc; path = RITBusConstants.m; sourceTree = "<group>"; };
		099DCA7F15D546B400DAB937 /* RIT Bus (Integration Tests).app */ = {isa = PBXFileReference; explicitFileType = wrapper.application; includeInIndex = 0; path = "RIT Bus (Integration Tests).app"; sourceTree = BUILT_PRODUCTS_DIR; };
		099DCA8115D546B400DAB937 /* rit_bus copy-Info.plist */ = {isa = PBXFileReference; lastKnownFileType = text.plist.xml; name = "rit_bus copy-Info.plist"; path = "/Users/thomasde/Development/iOS/rit_bus/rit_bus copy-Info.plist"; sourceTree = "<absolute>"; };
		099DCA8515D54CDF00DAB937 /* RITTestController.h */ = {isa = PBXFileReference; fileEncoding = 4; lastKnownFileType = sourcecode.c.h; path = RITTestController.h; sourceTree = "<group>"; };
		099DCA8615D54CDF00DAB937 /* RITTestController.m */ = {isa = PBXFileReference; fileEncoding = 4; lastKnownFileType = sourcecode.c.objc; path = RITTestController.m; sourceTree = "<group>"; };
		099DCB4915D551E200DAB937 /* LoadableCategory.h */ = {isa = PBXFileReference; fileEncoding = 4; lastKnownFileType = file; path = LoadableCategory.h; sourceTree = "<group>"; };
		099DCB4A15D551E200DAB937 /* CGGeometry-KIFAdditions.h */ = {isa = PBXFileReference; fileEncoding = 4; lastKnownFileType = file; path = "CGGeometry-KIFAdditions.h"; sourceTree = "<group>"; };
		099DCB4B15D551E200DAB937 /* CGGeometry-KIFAdditions.m */ = {isa = PBXFileReference; fileEncoding = 4; lastKnownFileType = file; path = "CGGeometry-KIFAdditions.m"; sourceTree = "<group>"; };
		099DCB4C15D551E200DAB937 /* NSFileManager-KIFAdditions.h */ = {isa = PBXFileReference; fileEncoding = 4; lastKnownFileType = file; path = "NSFileManager-KIFAdditions.h"; sourceTree = "<group>"; };
		099DCB4D15D551E200DAB937 /* NSFileManager-KIFAdditions.m */ = {isa = PBXFileReference; fileEncoding = 4; lastKnownFileType = file; path = "NSFileManager-KIFAdditions.m"; sourceTree = "<group>"; };
		099DCB4E15D551E200DAB937 /* UIAccessibilityElement-KIFAdditions.h */ = {isa = PBXFileReference; fileEncoding = 4; lastKnownFileType = file; path = "UIAccessibilityElement-KIFAdditions.h"; sourceTree = "<group>"; };
		099DCB4F15D551E200DAB937 /* UIAccessibilityElement-KIFAdditions.m */ = {isa = PBXFileReference; fileEncoding = 4; lastKnownFileType = file; path = "UIAccessibilityElement-KIFAdditions.m"; sourceTree = "<group>"; };
		099DCB5015D551E200DAB937 /* UIApplication-KIFAdditions.h */ = {isa = PBXFileReference; fileEncoding = 4; lastKnownFileType = file; path = "UIApplication-KIFAdditions.h"; sourceTree = "<group>"; };
		099DCB5115D551E200DAB937 /* UIApplication-KIFAdditions.m */ = {isa = PBXFileReference; fileEncoding = 4; lastKnownFileType = file; path = "UIApplication-KIFAdditions.m"; sourceTree = "<group>"; };
		099DCB5215D551E200DAB937 /* UIScrollView-KIFAdditions.h */ = {isa = PBXFileReference; fileEncoding = 4; lastKnownFileType = file; path = "UIScrollView-KIFAdditions.h"; sourceTree = "<group>"; };
		099DCB5315D551E200DAB937 /* UIScrollView-KIFAdditions.m */ = {isa = PBXFileReference; fileEncoding = 4; lastKnownFileType = file; path = "UIScrollView-KIFAdditions.m"; sourceTree = "<group>"; };
		099DCB5415D551E200DAB937 /* UITouch-KIFAdditions.h */ = {isa = PBXFileReference; fileEncoding = 4; lastKnownFileType = file; path = "UITouch-KIFAdditions.h"; sourceTree = "<group>"; };
		099DCB5515D551E200DAB937 /* UITouch-KIFAdditions.m */ = {isa = PBXFileReference; fileEncoding = 4; lastKnownFileType = file; path = "UITouch-KIFAdditions.m"; sourceTree = "<group>"; };
		099DCB5615D551E200DAB937 /* UIView-KIFAdditions.h */ = {isa = PBXFileReference; fileEncoding = 4; lastKnownFileType = file; path = "UIView-KIFAdditions.h"; sourceTree = "<group>"; };
		099DCB5715D551E200DAB937 /* UIView-KIFAdditions.m */ = {isa = PBXFileReference; fileEncoding = 4; lastKnownFileType = file; path = "UIView-KIFAdditions.m"; sourceTree = "<group>"; };
		099DCB5815D551E200DAB937 /* UIWindow-KIFAdditions.h */ = {isa = PBXFileReference; fileEncoding = 4; lastKnownFileType = file; path = "UIWindow-KIFAdditions.h"; sourceTree = "<group>"; };
		099DCB5915D551E200DAB937 /* UIWindow-KIFAdditions.m */ = {isa = PBXFileReference; fileEncoding = 4; lastKnownFileType = file; path = "UIWindow-KIFAdditions.m"; sourceTree = "<group>"; };
		099DCB5B15D551E200DAB937 /* KIF-Prefix.pch */ = {isa = PBXFileReference; fileEncoding = 4; lastKnownFileType = file; path = "KIF-Prefix.pch"; sourceTree = "<group>"; };
		099DCB5C15D551E200DAB937 /* KIFTestController.h */ = {isa = PBXFileReference; fileEncoding = 4; lastKnownFileType = file; path = KIFTestController.h; sourceTree = "<group>"; };
		099DCB5D15D551E200DAB937 /* KIFTestController.m */ = {isa = PBXFileReference; fileEncoding = 4; lastKnownFileType = file; path = KIFTestController.m; sourceTree = "<group>"; };
		099DCB5E15D551E200DAB937 /* KIFTestScenario.h */ = {isa = PBXFileReference; fileEncoding = 4; lastKnownFileType = file; path = KIFTestScenario.h; sourceTree = "<group>"; };
		099DCB5F15D551E200DAB937 /* KIFTestScenario.m */ = {isa = PBXFileReference; fileEncoding = 4; lastKnownFileType = file; path = KIFTestScenario.m; sourceTree = "<group>"; };
		099DCB6015D551E200DAB937 /* KIFTestStep.h */ = {isa = PBXFileReference; fileEncoding = 4; lastKnownFileType = file; path = KIFTestStep.h; sourceTree = "<group>"; };
		099DCB6115D551E200DAB937 /* KIFTestStep.m */ = {isa = PBXFileReference; fileEncoding = 4; lastKnownFileType = file; path = KIFTestStep.m; sourceTree = "<group>"; };
		099DCB7D15D553A500DAB937 /* KIFTestScenario+RITAdditions.h */ = {isa = PBXFileReference; fileEncoding = 4; lastKnownFileType = sourcecode.c.h; path = "KIFTestScenario+RITAdditions.h"; sourceTree = "<group>"; };
		099DCB7E15D553A500DAB937 /* KIFTestScenario+RITAdditions.m */ = {isa = PBXFileReference; fileEncoding = 4; lastKnownFileType = sourcecode.c.objc; path = "KIFTestScenario+RITAdditions.m"; sourceTree = "<group>"; };
		099DCB8515D557D900DAB937 /* libKIF.a */ = {isa = PBXFileReference; lastKnownFileType = archive.ar; name = libKIF.a; path = "../../../Library/Developer/Xcode/DerivedData/rit_bus-haepjgmjwtkfqffysgqcehgqutco/Build/Products/Debug-iphonesimulator/libKIF.a"; sourceTree = "<group>"; };
		09BE77F21590F03B000CFCEB /* rit_bus.app */ = {isa = PBXFileReference; explicitFileType = wrapper.application; includeInIndex = 0; path = rit_bus.app; sourceTree = BUILT_PRODUCTS_DIR; };
		09BE77F61590F03B000CFCEB /* UIKit.framework */ = {isa = PBXFileReference; lastKnownFileType = wrapper.framework; name = UIKit.framework; path = System/Library/Frameworks/UIKit.framework; sourceTree = SDKROOT; };
		09BE77F81590F03B000CFCEB /* Foundation.framework */ = {isa = PBXFileReference; lastKnownFileType = wrapper.framework; name = Foundation.framework; path = System/Library/Frameworks/Foundation.framework; sourceTree = SDKROOT; };
		09BE77FA1590F03B000CFCEB /* CoreGraphics.framework */ = {isa = PBXFileReference; lastKnownFileType = wrapper.framework; name = CoreGraphics.framework; path = System/Library/Frameworks/CoreGraphics.framework; sourceTree = SDKROOT; };
		09BE77FE1590F03B000CFCEB /* rit_bus-Info.plist */ = {isa = PBXFileReference; lastKnownFileType = text.plist.xml; path = "rit_bus-Info.plist"; sourceTree = "<group>"; };
		09BE78001590F03B000CFCEB /* en */ = {isa = PBXFileReference; lastKnownFileType = text.plist.strings; name = en; path = en.lproj/InfoPlist.strings; sourceTree = "<group>"; };
		09BE78021590F03B000CFCEB /* main.m */ = {isa = PBXFileReference; lastKnownFileType = sourcecode.c.objc; path = main.m; sourceTree = "<group>"; };
		09BE78041590F03B000CFCEB /* rit_bus-Prefix.pch */ = {isa = PBXFileReference; lastKnownFileType = sourcecode.c.h; path = "rit_bus-Prefix.pch"; sourceTree = "<group>"; };
		09BE78051590F03B000CFCEB /* AppDelegate.h */ = {isa = PBXFileReference; lastKnownFileType = sourcecode.c.h; path = AppDelegate.h; sourceTree = "<group>"; };
		09BE78061590F03B000CFCEB /* AppDelegate.m */ = {isa = PBXFileReference; lastKnownFileType = sourcecode.c.objc; path = AppDelegate.m; sourceTree = "<group>"; };
		09BE78081590F03B000CFCEB /* MasterViewController.h */ = {isa = PBXFileReference; lastKnownFileType = sourcecode.c.h; path = MasterViewController.h; sourceTree = "<group>"; };
		09BE78091590F03B000CFCEB /* MasterViewController.m */ = {isa = PBXFileReference; lastKnownFileType = sourcecode.c.objc; path = MasterViewController.m; sourceTree = "<group>"; };
		09BE780B1590F03B000CFCEB /* DetailViewController.h */ = {isa = PBXFileReference; lastKnownFileType = sourcecode.c.h; path = DetailViewController.h; sourceTree = "<group>"; };
		09BE780C1590F03B000CFCEB /* DetailViewController.m */ = {isa = PBXFileReference; lastKnownFileType = sourcecode.c.objc; path = DetailViewController.m; sourceTree = "<group>"; };
		09BE780F1590F03B000CFCEB /* en */ = {isa = PBXFileReference; lastKnownFileType = file.xib; name = en; path = en.lproj/MasterViewController_iPhone.xib; sourceTree = "<group>"; };
		09BE78121590F03B000CFCEB /* en */ = {isa = PBXFileReference; lastKnownFileType = file.xib; name = en; path = en.lproj/MasterViewController_iPad.xib; sourceTree = "<group>"; };
		09BE78151590F03B000CFCEB /* en */ = {isa = PBXFileReference; lastKnownFileType = file.xib; name = en; path = en.lproj/DetailViewController_iPhone.xib; sourceTree = "<group>"; };
		09BE78181590F03B000CFCEB /* en */ = {isa = PBXFileReference; lastKnownFileType = file.xib; name = en; path = en.lproj/DetailViewController_iPad.xib; sourceTree = "<group>"; };
		09BE78201590F03B000CFCEB /* SenTestingKit.framework */ = {isa = PBXFileReference; lastKnownFileType = wrapper.framework; name = SenTestingKit.framework; path = Library/Frameworks/SenTestingKit.framework; sourceTree = DEVELOPER_DIR; };
		09BE784915910671000CFCEB /* MapKit.framework */ = {isa = PBXFileReference; lastKnownFileType = wrapper.framework; name = MapKit.framework; path = System/Library/Frameworks/MapKit.framework; sourceTree = SDKROOT; };
		09EA957B15927B2C00591081 /* park_point_stops_copy.plist */ = {isa = PBXFileReference; fileEncoding = 4; lastKnownFileType = text.plist.xml; path = park_point_stops_copy.plist; sourceTree = "<group>"; };
		09EA95821593583200591081 /* StopAnnotation.h */ = {isa = PBXFileReference; fileEncoding = 4; lastKnownFileType = sourcecode.c.h; path = StopAnnotation.h; sourceTree = "<group>"; };
		09EA95831593583200591081 /* StopAnnotation.m */ = {isa = PBXFileReference; fileEncoding = 4; lastKnownFileType = sourcecode.c.objc; path = StopAnnotation.m; sourceTree = "<group>"; };
		09EA95861593B28B00591081 /* StopAnnotationView.h */ = {isa = PBXFileReference; fileEncoding = 4; lastKnownFileType = sourcecode.c.h; path = StopAnnotationView.h; sourceTree = "<group>"; };
		09EA95871593B28B00591081 /* StopAnnotationView.m */ = {isa = PBXFileReference; fileEncoding = 4; lastKnownFileType = sourcecode.c.objc; path = StopAnnotationView.m; sourceTree = "<group>"; };
		09F1E0191598C4130075551E /* LocationManager.h */ = {isa = PBXFileReference; fileEncoding = 4; lastKnownFileType = sourcecode.c.h; path = LocationManager.h; sourceTree = "<group>"; };
		09F1E01A1598C4130075551E /* LocationManager.m */ = {isa = PBXFileReference; fileEncoding = 4; lastKnownFileType = sourcecode.c.objc; path = LocationManager.m; sourceTree = "<group>"; };
		09F1E01D1598C5FE0075551E /* NextBusController.h */ = {isa = PBXFileReference; fileEncoding = 4; lastKnownFileType = sourcecode.c.h; path = NextBusController.h; sourceTree = "<group>"; };
		09F1E01E1598C5FE0075551E /* NextBusController.m */ = {isa = PBXFileReference; fileEncoding = 4; lastKnownFileType = sourcecode.c.objc; path = NextBusController.m; sourceTree = "<group>"; };
		09F1E01F1598C5FE0075551E /* NextBusController.xib */ = {isa = PBXFileReference; fileEncoding = 4; lastKnownFileType = file.xib; path = NextBusController.xib; sourceTree = "<group>"; };
		09F1E0221598CF240075551E /* RITBusCommon.h */ = {isa = PBXFileReference; fileEncoding = 4; lastKnownFileType = sourcecode.c.h; path = RITBusCommon.h; sourceTree = "<group>"; };
		09F1E0231598CF240075551E /* RITBusCommon.m */ = {isa = PBXFileReference; fileEncoding = 4; lastKnownFileType = sourcecode.c.objc; path = RITBusCommon.m; sourceTree = "<group>"; };
		09F1E0281598CF900075551E /* BusStopLocation.h */ = {isa = PBXFileReference; fileEncoding = 4; lastKnownFileType = sourcecode.c.h; path = BusStopLocation.h; sourceTree = "<group>"; };
		09F1E0291598CF900075551E /* BusStopLocation.m */ = {isa = PBXFileReference; fileEncoding = 4; lastKnownFileType = sourcecode.c.objc; path = BusStopLocation.m; sourceTree = "<group>"; };
		09F1E0471598ED8D0075551E /* full_list_stops.plist */ = {isa = PBXFileReference; fileEncoding = 4; lastKnownFileType = text.plist.xml; path = full_list_stops.plist; sourceTree = "<group>"; };
		09F1E115159CBB520075551E /* province_geo_boxes.plist */ = {isa = PBXFileReference; fileEncoding = 4; lastKnownFileType = text.plist.xml; path = province_geo_boxes.plist; sourceTree = "<group>"; };
		09F325E9159E3F290004BBF4 /* Theme.h */ = {isa = PBXFileReference; fileEncoding = 4; lastKnownFileType = sourcecode.c.h; path = Theme.h; sourceTree = "<group>"; };
		09F325EA159E3F290004BBF4 /* Theme.m */ = {isa = PBXFileReference; fileEncoding = 4; lastKnownFileType = sourcecode.c.objc; path = Theme.m; sourceTree = "<group>"; };
		09F325EC159E40A10004BBF4 /* RITTheme.h */ = {isa = PBXFileReference; fileEncoding = 4; lastKnownFileType = sourcecode.c.h; path = RITTheme.h; sourceTree = "<group>"; };
		09F325ED159E40A10004BBF4 /* RITTheme.m */ = {isa = PBXFileReference; fileEncoding = 4; lastKnownFileType = sourcecode.c.objc; path = RITTheme.m; sourceTree = "<group>"; };
		09F325F615A20ED90004BBF4 /* map_button.png */ = {isa = PBXFileReference; lastKnownFileType = image.png; name = map_button.png; path = images/next_bus_screen/map_button.png; sourceTree = SOURCE_ROOT; };
		09F325F715A20ED90004BBF4 /* map_button@2x.png */ = {isa = PBXFileReference; lastKnownFileType = image.png; name = "map_button@2x.png"; path = "images/next_bus_screen/map_button@2x.png"; sourceTree = SOURCE_ROOT; };
/* End PBXFileReference section */

/* Begin PBXFrameworksBuildPhase section */
		099DCA6715D546B400DAB937 /* Frameworks */ = {
			isa = PBXFrameworksBuildPhase;
			buildActionMask = 2147483647;
			files = (
				099DCA6815D546B400DAB937 /* CoreLocation.framework in Frameworks */,
				099DCA6915D546B400DAB937 /* MapKit.framework in Frameworks */,
				099DCA6A15D546B400DAB937 /* UIKit.framework in Frameworks */,
				099DCA6B15D546B400DAB937 /* Foundation.framework in Frameworks */,
				099DCA6C15D546B400DAB937 /* CoreGraphics.framework in Frameworks */,
				099DCB8615D557DA00DAB937 /* libKIF.a in Frameworks */,
			);
			runOnlyForDeploymentPostprocessing = 0;
		};
		09BE77EF1590F03B000CFCEB /* Frameworks */ = {
			isa = PBXFrameworksBuildPhase;
			buildActionMask = 2147483647;
			files = (
				0934F6A11591178C00A58A04 /* CoreLocation.framework in Frameworks */,
				09BE784A15910671000CFCEB /* MapKit.framework in Frameworks */,
				09BE77F71590F03B000CFCEB /* UIKit.framework in Frameworks */,
				09BE77F91590F03B000CFCEB /* Foundation.framework in Frameworks */,
				09BE77FB1590F03B000CFCEB /* CoreGraphics.framework in Frameworks */,
			);
			runOnlyForDeploymentPostprocessing = 0;
		};
/* End PBXFrameworksBuildPhase section */

/* Begin PBXGroup section */
		0934F6B515922E0400A58A04 /* rit_bus_resources */ = {
			isa = PBXGroup;
			children = (
				09F325F515A20EC90004BBF4 /* images */,
				09F325F315A20EBD0004BBF4 /* plists */,
			);
			name = rit_bus_resources;
			path = rit_bus;
			sourceTree = "<group>";
		};
		0934F6C01592705D00A58A04 /* Shared */ = {
			isa = PBXGroup;
			children = (
				09F1E0171598C3F30075551E /* Managers */,
				0934F6C11592707C00A58A04 /* RITBusConstants.h */,
				0934F6C21592707C00A58A04 /* RITBusConstants.m */,
				09F1E0221598CF240075551E /* RITBusCommon.h */,
				09F1E0231598CF240075551E /* RITBusCommon.m */,
			);
			name = Shared;
			sourceTree = "<group>";
		};
		099DCA8415D54CBB00DAB937 /* Testing */ = {
			isa = PBXGroup;
			children = (
				099DCA8515D54CDF00DAB937 /* RITTestController.h */,
				099DCA8615D54CDF00DAB937 /* RITTestController.m */,
				099DCB7D15D553A500DAB937 /* KIFTestScenario+RITAdditions.h */,
				099DCB7E15D553A500DAB937 /* KIFTestScenario+RITAdditions.m */,
			);
			name = Testing;
			path = rit_bus;
			sourceTree = "<group>";
		};
		099DCB4815D551D600DAB937 /* KIF */ = {
			isa = PBXGroup;
			children = (
				099DCB5A15D551E200DAB937 /* Additions */,
				099DCB6215D551E200DAB937 /* Classes */,
			);
			name = KIF;
			sourceTree = "<group>";
		};
		099DCB5A15D551E200DAB937 /* Additions */ = {
			isa = PBXGroup;
			children = (
				099DCB4915D551E200DAB937 /* LoadableCategory.h */,
				099DCB4A15D551E200DAB937 /* CGGeometry-KIFAdditions.h */,
				099DCB4B15D551E200DAB937 /* CGGeometry-KIFAdditions.m */,
				099DCB4C15D551E200DAB937 /* NSFileManager-KIFAdditions.h */,
				099DCB4D15D551E200DAB937 /* NSFileManager-KIFAdditions.m */,
				099DCB4E15D551E200DAB937 /* UIAccessibilityElement-KIFAdditions.h */,
				099DCB4F15D551E200DAB937 /* UIAccessibilityElement-KIFAdditions.m */,
				099DCB5015D551E200DAB937 /* UIApplication-KIFAdditions.h */,
				099DCB5115D551E200DAB937 /* UIApplication-KIFAdditions.m */,
				099DCB5215D551E200DAB937 /* UIScrollView-KIFAdditions.h */,
				099DCB5315D551E200DAB937 /* UIScrollView-KIFAdditions.m */,
				099DCB5415D551E200DAB937 /* UITouch-KIFAdditions.h */,
				099DCB5515D551E200DAB937 /* UITouch-KIFAdditions.m */,
				099DCB5615D551E200DAB937 /* UIView-KIFAdditions.h */,
				099DCB5715D551E200DAB937 /* UIView-KIFAdditions.m */,
				099DCB5815D551E200DAB937 /* UIWindow-KIFAdditions.h */,
				099DCB5915D551E200DAB937 /* UIWindow-KIFAdditions.m */,
			);
			name = Additions;
			path = KIF/Documentation/Examples/Testable/Frameworks/KIF/Additions;
			sourceTree = "<group>";
		};
		099DCB6215D551E200DAB937 /* Classes */ = {
			isa = PBXGroup;
			children = (
				099DCB5B15D551E200DAB937 /* KIF-Prefix.pch */,
				099DCB5C15D551E200DAB937 /* KIFTestController.h */,
				099DCB5D15D551E200DAB937 /* KIFTestController.m */,
				099DCB5E15D551E200DAB937 /* KIFTestScenario.h */,
				099DCB5F15D551E200DAB937 /* KIFTestScenario.m */,
				099DCB6015D551E200DAB937 /* KIFTestStep.h */,
				099DCB6115D551E200DAB937 /* KIFTestStep.m */,
			);
			name = Classes;
			path = KIF/Documentation/Examples/Testable/Frameworks/KIF/Classes;
			sourceTree = "<group>";
		};
		09BE77E71590F03B000CFCEB = {
			isa = PBXGroup;
			children = (
				0934F6B515922E0400A58A04 /* rit_bus_resources */,
				09BE77FC1590F03B000CFCEB /* rit_bus_source */,
				099DCA8415D54CBB00DAB937 /* Testing */,
				09BE77F51590F03B000CFCEB /* Frameworks */,
				09BE77F31590F03B000CFCEB /* Products */,
				099DCA8115D546B400DAB937 /* rit_bus copy-Info.plist */,
			);
			sourceTree = "<group>";
		};
		09BE77F31590F03B000CFCEB /* Products */ = {
			isa = PBXGroup;
			children = (
				09BE77F21590F03B000CFCEB /* rit_bus.app */,
				099DCA7F15D546B400DAB937 /* RIT Bus (Integration Tests).app */,
			);
			name = Products;
			sourceTree = "<group>";
		};
		09BE77F51590F03B000CFCEB /* Frameworks */ = {
			isa = PBXGroup;
			children = (
				099DCB8515D557D900DAB937 /* libKIF.a */,
				099DCB4815D551D600DAB937 /* KIF */,
				0934F6A01591178C00A58A04 /* CoreLocation.framework */,
				09BE784915910671000CFCEB /* MapKit.framework */,
				09BE77F61590F03B000CFCEB /* UIKit.framework */,
				09BE77F81590F03B000CFCEB /* Foundation.framework */,
				09BE77FA1590F03B000CFCEB /* CoreGraphics.framework */,
				09BE78201590F03B000CFCEB /* SenTestingKit.framework */,
			);
			name = Frameworks;
			sourceTree = "<group>";
		};
		09BE77FC1590F03B000CFCEB /* rit_bus_source */ = {
			isa = PBXGroup;
			children = (
				09BE783C1590FB40000CFCEB /* AppDelegate */,
				09F1E0271598CF7A0075551E /* BusStops */,
				09F325E7159E3E460004BBF4 /* Visual */,
				09F1E01C1598C4CA0075551E /* HomeScreen */,
				09BE783E1590FC0E000CFCEB /* Maps */,
				0934F6C01592705D00A58A04 /* Shared */,
				09BE78081590F03B000CFCEB /* MasterViewController.h */,
				09BE78091590F03B000CFCEB /* MasterViewController.m */,
				09BE780E1590F03B000CFCEB /* MasterViewController_iPhone.xib */,
				09BE78111590F03B000CFCEB /* MasterViewController_iPad.xib */,
				09BE780B1590F03B000CFCEB /* DetailViewController.h */,
				09BE780C1590F03B000CFCEB /* DetailViewController.m */,
				09BE78141590F03B000CFCEB /* DetailViewController_iPhone.xib */,
				09BE78171590F03B000CFCEB /* DetailViewController_iPad.xib */,
				09BE77FD1590F03B000CFCEB /* Supporting Files */,
			);
			name = rit_bus_source;
			path = rit_bus;
			sourceTree = "<group>";
		};
		09BE77FD1590F03B000CFCEB /* Supporting Files */ = {
			isa = PBXGroup;
			children = (
				09BE77FE1590F03B000CFCEB /* rit_bus-Info.plist */,
				09BE77FF1590F03B000CFCEB /* InfoPlist.strings */,
				09BE78021590F03B000CFCEB /* main.m */,
				09BE78041590F03B000CFCEB /* rit_bus-Prefix.pch */,
			);
			name = "Supporting Files";
			sourceTree = "<group>";
		};
		09BE783C1590FB40000CFCEB /* AppDelegate */ = {
			isa = PBXGroup;
			children = (
				09BE78051590F03B000CFCEB /* AppDelegate.h */,
				09BE78061590F03B000CFCEB /* AppDelegate.m */,
			);
			name = AppDelegate;
			sourceTree = "<group>";
		};
		09BE783E1590FC0E000CFCEB /* Maps */ = {
			isa = PBXGroup;
			children = (
				09EA95861593B28B00591081 /* StopAnnotationView.h */,
				09EA95871593B28B00591081 /* StopAnnotationView.m */,
				09EA95821593583200591081 /* StopAnnotation.h */,
				09EA95831593583200591081 /* StopAnnotation.m */,
				0934F6BD15926B3A00A58A04 /* BusPoint.h */,
				0934F6BE15926B3B00A58A04 /* BusPoint.m */,
				0934F69A159113D700A58A04 /* MapViewController.h */,
				0934F69B159113D700A58A04 /* MapViewController.m */,
				0934F69C159113D700A58A04 /* MapViewController.xib */,
				0934F6A815911E9F00A58A04 /* RitBusMapView.h */,
				0934F6A915911E9F00A58A04 /* RitBusMapView.m */,
				0934F6AB15911EB000A58A04 /* RitBusMapView.xib */,
			);
			name = Maps;
			sourceTree = "<group>";
		};
		09F1E0171598C3F30075551E /* Managers */ = {
			isa = PBXGroup;
			children = (
				09F1E0191598C4130075551E /* LocationManager.h */,
				09F1E01A1598C4130075551E /* LocationManager.m */,
			);
			name = Managers;
			sourceTree = "<group>";
		};
		09F1E01C1598C4CA0075551E /* HomeScreen */ = {
			isa = PBXGroup;
			children = (
				09F1E01D1598C5FE0075551E /* NextBusController.h */,
				09F1E01E1598C5FE0075551E /* NextBusController.m */,
				09F1E01F1598C5FE0075551E /* NextBusController.xib */,
			);
			name = HomeScreen;
			sourceTree = "<group>";
		};
		09F1E0271598CF7A0075551E /* BusStops */ = {
			isa = PBXGroup;
			children = (
				09F1E0281598CF900075551E /* BusStopLocation.h */,
				09F1E0291598CF900075551E /* BusStopLocation.m */,
			);
			name = BusStops;
			sourceTree = "<group>";
		};
		09F325E7159E3E460004BBF4 /* Visual */ = {
			isa = PBXGroup;
			children = (
				09F325E9159E3F290004BBF4 /* Theme.h */,
				09F325EA159E3F290004BBF4 /* Theme.m */,
				09F325EC159E40A10004BBF4 /* RITTheme.h */,
				09F325ED159E40A10004BBF4 /* RITTheme.m */,
			);
			name = Visual;
			sourceTree = "<group>";
		};
		09F325F315A20EBD0004BBF4 /* plists */ = {
			isa = PBXGroup;
			children = (
				0934F6B715922E2100A58A04 /* park_point_stops.plist */,
				09EA957B15927B2C00591081 /* park_point_stops_copy.plist */,
				09F1E0471598ED8D0075551E /* full_list_stops.plist */,
				09F1E115159CBB520075551E /* province_geo_boxes.plist */,
			);
			name = plists;
			sourceTree = "<group>";
		};
		09F325F515A20EC90004BBF4 /* images */ = {
			isa = PBXGroup;
			children = (
				09F325F615A20ED90004BBF4 /* map_button.png */,
				09F325F715A20ED90004BBF4 /* map_button@2x.png */,
			);
			name = images;
			sourceTree = "<group>";
		};
/* End PBXGroup section */

/* Begin PBXNativeTarget section */
		099DCA5515D546B400DAB937 /* Integration Tests */ = {
			isa = PBXNativeTarget;
			buildConfigurationList = 099DCA7C15D546B400DAB937 /* Build configuration list for PBXNativeTarget "Integration Tests" */;
			buildPhases = (
				099DCA5615D546B400DAB937 /* Sources */,
				099DCA6715D546B400DAB937 /* Frameworks */,
				099DCA6D15D546B400DAB937 /* Resources */,
			);
			buildRules = (
			);
			dependencies = (
			);
			name = "Integration Tests";
			productName = rit_bus;
			productReference = 099DCA7F15D546B400DAB937 /* RIT Bus (Integration Tests).app */;
			productType = "com.apple.product-type.application";
		};
		09BE77F11590F03B000CFCEB /* rit_bus */ = {
			isa = PBXNativeTarget;
			buildConfigurationList = 09BE78311590F03B000CFCEB /* Build configuration list for PBXNativeTarget "rit_bus" */;
			buildPhases = (
				09BE77EE1590F03B000CFCEB /* Sources */,
				09BE77EF1590F03B000CFCEB /* Frameworks */,
				09BE77F01590F03B000CFCEB /* Resources */,
			);
			buildRules = (
			);
			dependencies = (
			);
			name = rit_bus;
			productName = rit_bus;
			productReference = 09BE77F21590F03B000CFCEB /* rit_bus.app */;
			productType = "com.apple.product-type.application";
		};
/* End PBXNativeTarget section */

/* Begin PBXProject section */
		09BE77E91590F03B000CFCEB /* Project object */ = {
			isa = PBXProject;
			attributes = {
				LastUpgradeCheck = 0430;
			};
			buildConfigurationList = 09BE77EC1590F03B000CFCEB /* Build configuration list for PBXProject "rit_bus" */;
			compatibilityVersion = "Xcode 3.2";
			developmentRegion = English;
			hasScannedForEncodings = 0;
			knownRegions = (
				en,
			);
			mainGroup = 09BE77E71590F03B000CFCEB;
			productRefGroup = 09BE77F31590F03B000CFCEB /* Products */;
			projectDirPath = "";
			projectRoot = "";
			targets = (
				09BE77F11590F03B000CFCEB /* rit_bus */,
				099DCA5515D546B400DAB937 /* Integration Tests */,
			);
		};
/* End PBXProject section */

/* Begin PBXResourcesBuildPhase section */
		099DCA6D15D546B400DAB937 /* Resources */ = {
			isa = PBXResourcesBuildPhase;
			buildActionMask = 2147483647;
			files = (
				099DCA6E15D546B400DAB937 /* InfoPlist.strings in Resources */,
				099DCA6F15D546B400DAB937 /* MasterViewController_iPhone.xib in Resources */,
				099DCA7015D546B400DAB937 /* MasterViewController_iPad.xib in Resources */,
				099DCA7115D546B400DAB937 /* DetailViewController_iPhone.xib in Resources */,
				099DCA7215D546B400DAB937 /* DetailViewController_iPad.xib in Resources */,
				099DCA7315D546B400DAB937 /* MapViewController.xib in Resources */,
				099DCA7415D546B400DAB937 /* RitBusMapView.xib in Resources */,
				099DCA7515D546B400DAB937 /* park_point_stops.plist in Resources */,
				099DCA7615D546B400DAB937 /* park_point_stops_copy.plist in Resources */,
				099DCA7715D546B400DAB937 /* NextBusController.xib in Resources */,
				099DCA7815D546B400DAB937 /* full_list_stops.plist in Resources */,
				099DCA7915D546B400DAB937 /* province_geo_boxes.plist in Resources */,
				099DCA7A15D546B400DAB937 /* map_button.png in Resources */,
				099DCA7B15D546B400DAB937 /* map_button@2x.png in Resources */,
			);
			runOnlyForDeploymentPostprocessing = 0;
		};
		09BE77F01590F03B000CFCEB /* Resources */ = {
			isa = PBXResourcesBuildPhase;
			buildActionMask = 2147483647;
			files = (
				09BE78011590F03B000CFCEB /* InfoPlist.strings in Resources */,
				09BE78101590F03B000CFCEB /* MasterViewController_iPhone.xib in Resources */,
				09BE78131590F03B000CFCEB /* MasterViewController_iPad.xib in Resources */,
				09BE78161590F03B000CFCEB /* DetailViewController_iPhone.xib in Resources */,
				09BE78191590F03B000CFCEB /* DetailViewController_iPad.xib in Resources */,
				0934F69E159113D800A58A04 /* MapViewController.xib in Resources */,
				0934F6AC15911EB000A58A04 /* RitBusMapView.xib in Resources */,
				0934F6B815922E2100A58A04 /* park_point_stops.plist in Resources */,
				09EA957C15927B2C00591081 /* park_point_stops_copy.plist in Resources */,
				09F1E0211598C5FE0075551E /* NextBusController.xib in Resources */,
				09F1E0481598ED8D0075551E /* full_list_stops.plist in Resources */,
				09F1E116159CBB520075551E /* province_geo_boxes.plist in Resources */,
				09F325F815A20ED90004BBF4 /* map_button.png in Resources */,
				09F325F915A20ED90004BBF4 /* map_button@2x.png in Resources */,
				099DCB6315D551E200DAB937 /* LoadableCategory.h in Resources */,
				099DCB6415D551E200DAB937 /* CGGeometry-KIFAdditions.h in Resources */,
				099DCB6515D551E200DAB937 /* CGGeometry-KIFAdditions.m in Resources */,
				099DCB6615D551E200DAB937 /* NSFileManager-KIFAdditions.h in Resources */,
				099DCB6715D551E200DAB937 /* NSFileManager-KIFAdditions.m in Resources */,
				099DCB6815D551E300DAB937 /* UIAccessibilityElement-KIFAdditions.h in Resources */,
				099DCB6915D551E300DAB937 /* UIAccessibilityElement-KIFAdditions.m in Resources */,
				099DCB6A15D551E300DAB937 /* UIApplication-KIFAdditions.h in Resources */,
				099DCB6B15D551E300DAB937 /* UIApplication-KIFAdditions.m in Resources */,
				099DCB6C15D551E300DAB937 /* UIScrollView-KIFAdditions.h in Resources */,
				099DCB6D15D551E300DAB937 /* UIScrollView-KIFAdditions.m in Resources */,
				099DCB6E15D551E300DAB937 /* UITouch-KIFAdditions.h in Resources */,
				099DCB6F15D551E300DAB937 /* UITouch-KIFAdditions.m in Resources */,
				099DCB7015D551E300DAB937 /* UIView-KIFAdditions.h in Resources */,
				099DCB7115D551E300DAB937 /* UIView-KIFAdditions.m in Resources */,
				099DCB7215D551E300DAB937 /* UIWindow-KIFAdditions.h in Resources */,
				099DCB7315D551E300DAB937 /* UIWindow-KIFAdditions.m in Resources */,
				099DCB7415D551E300DAB937 /* KIF-Prefix.pch in Resources */,
				099DCB7515D551E300DAB937 /* KIFTestController.h in Resources */,
				099DCB7615D551E300DAB937 /* KIFTestController.m in Resources */,
				099DCB7715D551E300DAB937 /* KIFTestScenario.h in Resources */,
				099DCB7815D551E300DAB937 /* KIFTestScenario.m in Resources */,
				099DCB7915D551E300DAB937 /* KIFTestStep.h in Resources */,
				099DCB7A15D551E300DAB937 /* KIFTestStep.m in Resources */,
			);
			runOnlyForDeploymentPostprocessing = 0;
		};
/* End PBXResourcesBuildPhase section */

/* Begin PBXSourcesBuildPhase section */
		099DCA5615D546B400DAB937 /* Sources */ = {
			isa = PBXSourcesBuildPhase;
			buildActionMask = 2147483647;
			files = (
				099DCB8015D554B000DAB937 /* RITTestController.m in Sources */,
				099DCB8115D554B000DAB937 /* KIFTestScenario+RITAdditions.m in Sources */,
				099DCA5715D546B400DAB937 /* main.m in Sources */,
				099DCA5815D546B400DAB937 /* AppDelegate.m in Sources */,
				099DCA5915D546B400DAB937 /* MasterViewController.m in Sources */,
				099DCA5A15D546B400DAB937 /* DetailViewController.m in Sources */,
				099DCA5B15D546B400DAB937 /* MapViewController.m in Sources */,
				099DCA5C15D546B400DAB937 /* RitBusMapView.m in Sources */,
				099DCA5D15D546B400DAB937 /* BusPoint.m in Sources */,
				099DCA5E15D546B400DAB937 /* RITBusConstants.m in Sources */,
				099DCA5F15D546B400DAB937 /* StopAnnotation.m in Sources */,
				099DCA6015D546B400DAB937 /* StopAnnotationView.m in Sources */,
				099DCA6115D546B400DAB937 /* LocationManager.m in Sources */,
				099DCA6215D546B400DAB937 /* NextBusController.m in Sources */,
				099DCA6315D546B400DAB937 /* RITBusCommon.m in Sources */,
				099DCA6415D546B400DAB937 /* BusStopLocation.m in Sources */,
				099DCA6515D546B400DAB937 /* Theme.m in Sources */,
				099DCA6615D546B400DAB937 /* RITTheme.m in Sources */,
			);
			runOnlyForDeploymentPostprocessing = 0;
		};
		09BE77EE1590F03B000CFCEB /* Sources */ = {
			isa = PBXSourcesBuildPhase;
			buildActionMask = 2147483647;
			files = (
				09BE78031590F03B000CFCEB /* main.m in Sources */,
				09BE78071590F03B000CFCEB /* AppDelegate.m in Sources */,
				09BE780A1590F03B000CFCEB /* MasterViewController.m in Sources */,
				09BE780D1590F03B000CFCEB /* DetailViewController.m in Sources */,
				0934F69D159113D800A58A04 /* MapViewController.m in Sources */,
				0934F6AA15911E9F00A58A04 /* RitBusMapView.m in Sources */,
				0934F6BF15926B3B00A58A04 /* BusPoint.m in Sources */,
				0934F6C31592707C00A58A04 /* RITBusConstants.m in Sources */,
				09EA95841593583200591081 /* StopAnnotation.m in Sources */,
				09EA95881593B28B00591081 /* StopAnnotationView.m in Sources */,
				09F1E01B1598C4130075551E /* LocationManager.m in Sources */,
				09F1E0201598C5FE0075551E /* NextBusController.m in Sources */,
				09F1E0241598CF250075551E /* RITBusCommon.m in Sources */,
				09F1E02A1598CF900075551E /* BusStopLocation.m in Sources */,
				09F325EB159E3F290004BBF4 /* Theme.m in Sources */,
				09F325EE159E40A10004BBF4 /* RITTheme.m in Sources */,
				099DCA8715D54CDF00DAB937 /* RITTestController.m in Sources */,
				099DCB7F15D553A500DAB937 /* KIFTestScenario+RITAdditions.m in Sources */,
			);
			runOnlyForDeploymentPostprocessing = 0;
		};
/* End PBXSourcesBuildPhase section */

/* Begin PBXVariantGroup section */
		09BE77FF1590F03B000CFCEB /* InfoPlist.strings */ = {
			isa = PBXVariantGroup;
			children = (
				09BE78001590F03B000CFCEB /* en */,
			);
			name = InfoPlist.strings;
			sourceTree = "<group>";
		};
		09BE780E1590F03B000CFCEB /* MasterViewController_iPhone.xib */ = {
			isa = PBXVariantGroup;
			children = (
				09BE780F1590F03B000CFCEB /* en */,
			);
			name = MasterViewController_iPhone.xib;
			sourceTree = "<group>";
		};
		09BE78111590F03B000CFCEB /* MasterViewController_iPad.xib */ = {
			isa = PBXVariantGroup;
			children = (
				09BE78121590F03B000CFCEB /* en */,
			);
			name = MasterViewController_iPad.xib;
			sourceTree = "<group>";
		};
		09BE78141590F03B000CFCEB /* DetailViewController_iPhone.xib */ = {
			isa = PBXVariantGroup;
			children = (
				09BE78151590F03B000CFCEB /* en */,
			);
			name = DetailViewController_iPhone.xib;
			sourceTree = "<group>";
		};
		09BE78171590F03B000CFCEB /* DetailViewController_iPad.xib */ = {
			isa = PBXVariantGroup;
			children = (
				09BE78181590F03B000CFCEB /* en */,
			);
			name = DetailViewController_iPad.xib;
			sourceTree = "<group>";
		};
/* End PBXVariantGroup section */

/* Begin XCBuildConfiguration section */
		099DCA7D15D546B400DAB937 /* Debug */ = {
			isa = XCBuildConfiguration;
			buildSettings = {
				GCC_PRECOMPILE_PREFIX_HEADER = YES;
				GCC_PREFIX_HEADER = "rit_bus/rit_bus-Prefix.pch";
				GCC_PREPROCESSOR_DEFINITIONS = (
					"$(inherited)",
					"RUN_KIF_TESTS=1",
				);
				HEADER_SEARCH_PATHS = (
					"$(inherited)",
					"$(SRCROOT)/KIF/**",
				);
				INFOPLIST_FILE = "rit_bus copy-Info.plist";
				IPHONEOS_DEPLOYMENT_TARGET = 4.3;
				LIBRARY_SEARCH_PATHS = (
					"$(inherited)",
					"\"$(SRCROOT)/../../../Library/Developer/Xcode/DerivedData/rit_bus-haepjgmjwtkfqffysgqcehgqutco/Build/Products/Debug-iphonesimulator\"",
				);
				OTHER_LDFLAGS = (
					"$(inherited)",
					"-ObjC",
					"-all_load",
				);
				PRODUCT_NAME = "RIT Bus (Integration Tests)";
				WRAPPER_EXTENSION = app;
			};
			name = Debug;
		};
		099DCA7E15D546B400DAB937 /* Release */ = {
			isa = XCBuildConfiguration;
			buildSettings = {
				GCC_PRECOMPILE_PREFIX_HEADER = YES;
				GCC_PREFIX_HEADER = "rit_bus/rit_bus-Prefix.pch";
				GCC_PREPROCESSOR_DEFINITIONS = (
					"$(inherited)",
					"RUN_KIF_TESTS=1",
				);
				HEADER_SEARCH_PATHS = (
					"$(inherited)",
					"$(SRCROOT)/KIF/**",
				);
				INFOPLIST_FILE = "rit_bus copy-Info.plist";
				IPHONEOS_DEPLOYMENT_TARGET = 4.3;
				LIBRARY_SEARCH_PATHS = (
					"$(inherited)",
					"\"$(SRCROOT)/../../../Library/Developer/Xcode/DerivedData/rit_bus-haepjgmjwtkfqffysgqcehgqutco/Build/Products/Debug-iphonesimulator\"",
				);
				OTHER_LDFLAGS = (
					"$(inherited)",
					"-ObjC",
					"-all_load",
				);
				PRODUCT_NAME = "RIT Bus (Integration Tests)";
				WRAPPER_EXTENSION = app;
			};
			name = Release;
		};
		09BE782F1590F03B000CFCEB /* Debug */ = {
			isa = XCBuildConfiguration;
			buildSettings = {
				ALWAYS_SEARCH_USER_PATHS = NO;
				ARCHS = "$(ARCHS_STANDARD_32_BIT)";
				CLANG_ENABLE_OBJC_ARC = YES;
				"CODE_SIGN_IDENTITY[sdk=iphoneos*]" = "iPhone Developer";
				COPY_PHASE_STRIP = NO;
				GCC_C_LANGUAGE_STANDARD = gnu99;
				GCC_DYNAMIC_NO_PIC = NO;
				GCC_OPTIMIZATION_LEVEL = 0;
				GCC_PREPROCESSOR_DEFINITIONS = (
					"DEBUG=1",
					"$(inherited)",
				);
				GCC_SYMBOLS_PRIVATE_EXTERN = NO;
				GCC_VERSION = com.apple.compilers.llvm.clang.1_0;
				GCC_WARN_ABOUT_RETURN_TYPE = YES;
				GCC_WARN_UNINITIALIZED_AUTOS = YES;
				GCC_WARN_UNUSED_VARIABLE = YES;
				IPHONEOS_DEPLOYMENT_TARGET = 5.1;
				SDKROOT = iphoneos;
				TARGETED_DEVICE_FAMILY = "1,2";
			};
			name = Debug;
		};
		09BE78301590F03B000CFCEB /* Release */ = {
			isa = XCBuildConfiguration;
			buildSettings = {
				ALWAYS_SEARCH_USER_PATHS = NO;
				ARCHS = "$(ARCHS_STANDARD_32_BIT)";
				CLANG_ENABLE_OBJC_ARC = YES;
				"CODE_SIGN_IDENTITY[sdk=iphoneos*]" = "iPhone Developer";
				COPY_PHASE_STRIP = YES;
				GCC_C_LANGUAGE_STANDARD = gnu99;
				GCC_VERSION = com.apple.compilers.llvm.clang.1_0;
				GCC_WARN_ABOUT_RETURN_TYPE = YES;
				GCC_WARN_UNINITIALIZED_AUTOS = YES;
				GCC_WARN_UNUSED_VARIABLE = YES;
				IPHONEOS_DEPLOYMENT_TARGET = 5.1;
				OTHER_CFLAGS = "-DNS_BLOCK_ASSERTIONS=1";
				SDKROOT = iphoneos;
				TARGETED_DEVICE_FAMILY = "1,2";
				VALIDATE_PRODUCT = YES;
			};
			name = Release;
		};
		09BE78321590F03B000CFCEB /* Debug */ = {
			isa = XCBuildConfiguration;
			buildSettings = {
				GCC_PRECOMPILE_PREFIX_HEADER = YES;
				GCC_PREFIX_HEADER = "rit_bus/rit_bus-Prefix.pch";
				INFOPLIST_FILE = "rit_bus/rit_bus-Info.plist";
				IPHONEOS_DEPLOYMENT_TARGET = 4.3;
				PRODUCT_NAME = "$(TARGET_NAME)";
				WRAPPER_EXTENSION = app;
			};
			name = Debug;
		};
		09BE78331590F03B000CFCEB /* Release */ = {
			isa = XCBuildConfiguration;
			buildSettings = {
				GCC_PRECOMPILE_PREFIX_HEADER = YES;
				GCC_PREFIX_HEADER = "rit_bus/rit_bus-Prefix.pch";
				INFOPLIST_FILE = "rit_bus/rit_bus-Info.plist";
				IPHONEOS_DEPLOYMENT_TARGET = 4.3;
				PRODUCT_NAME = "$(TARGET_NAME)";
				WRAPPER_EXTENSION = app;
			};
			name = Release;
		};
/* End XCBuildConfiguration section */

/* Begin XCConfigurationList section */
		099DCA7C15D546B400DAB937 /* Build configuration list for PBXNativeTarget "Integration Tests" */ = {
			isa = XCConfigurationList;
			buildConfigurations = (
				099DCA7D15D546B400DAB937 /* Debug */,
				099DCA7E15D546B400DAB937 /* Release */,
			);
			defaultConfigurationIsVisible = 0;
			defaultConfigurationName = Release;
		};
		09BE77EC1590F03B000CFCEB /* Build configuration list for PBXProject "rit_bus" */ = {
			isa = XCConfigurationList;
			buildConfigurations = (
				09BE782F1590F03B000CFCEB /* Debug */,
				09BE78301590F03B000CFCEB /* Release */,
			);
			defaultConfigurationIsVisible = 0;
			defaultConfigurationName = Release;
		};
		09BE78311590F03B000CFCEB /* Build configuration list for PBXNativeTarget "rit_bus" */ = {
			isa = XCConfigurationList;
			buildConfigurations = (
				09BE78321590F03B000CFCEB /* Debug */,
				09BE78331590F03B000CFCEB /* Release */,
			);
			defaultConfigurationIsVisible = 0;
			defaultConfigurationName = Release;
		};
/* End XCConfigurationList section */
	};
	rootObject = 09BE77E91590F03B000CFCEB /* Project object */;
}
